// !$*UTF8*$!
{
	archiveVersion = 1;
	classes = {
	};
	objectVersion = 50;
	objects = {

/* Begin PBXBuildFile section */
		9DBDB9962148ADB700E2927B /* Entry.swift in Sources */ = {isa = PBXBuildFile; fileRef = 9DBDB9952148ADB700E2927B /* Entry.swift */; };
		9DBDB99E2148B61400E2927B /* SecondMyDiaryTests.swift in Sources */ = {isa = PBXBuildFile; fileRef = 9DBDB99D2148B61400E2927B /* SecondMyDiaryTests.swift */; };
		9DBDB9A62148DA3900E2927B /* SecondMyDiary.swift in Sources */ = {isa = PBXBuildFile; fileRef = 9DBDB9A52148DA3900E2927B /* SecondMyDiary.swift */; };
		9DF9A77821463588005CFCBD /* AppDelegate.swift in Sources */ = {isa = PBXBuildFile; fileRef = 9DF9A77721463588005CFCBD /* AppDelegate.swift */; };
		9DF9A77A21463588005CFCBD /* ViewController.swift in Sources */ = {isa = PBXBuildFile; fileRef = 9DF9A77921463588005CFCBD /* ViewController.swift */; };
		9DF9A77D21463588005CFCBD /* Main.storyboard in Resources */ = {isa = PBXBuildFile; fileRef = 9DF9A77B21463588005CFCBD /* Main.storyboard */; };
		9DF9A77F21463589005CFCBD /* Assets.xcassets in Resources */ = {isa = PBXBuildFile; fileRef = 9DF9A77E21463589005CFCBD /* Assets.xcassets */; };
		9DF9A78221463589005CFCBD /* LaunchScreen.storyboard in Resources */ = {isa = PBXBuildFile; fileRef = 9DF9A78021463589005CFCBD /* LaunchScreen.storyboard */; };
/* End PBXBuildFile section */

/* Begin PBXContainerItemProxy section */
		9DBDB9A02148B61400E2927B /* PBXContainerItemProxy */ = {
			isa = PBXContainerItemProxy;
			containerPortal = 9DF9A76C21463587005CFCBD /* Project object */;
			proxyType = 1;
			remoteGlobalIDString = 9DF9A77321463588005CFCBD;
			remoteInfo = SecondMyDiary;
		};
/* End PBXContainerItemProxy section */

/* Begin PBXFileReference section */
		9DBDB9952148ADB700E2927B /* Entry.swift */ = {isa = PBXFileReference; lastKnownFileType = sourcecode.swift; path = Entry.swift; sourceTree = "<group>"; };
		9DBDB99B2148B61300E2927B /* SecondMyDiaryTests.xctest */ = {isa = PBXFileReference; explicitFileType = wrapper.cfbundle; includeInIndex = 0; path = SecondMyDiaryTests.xctest; sourceTree = BUILT_PRODUCTS_DIR; };
		9DBDB99D2148B61400E2927B /* SecondMyDiaryTests.swift */ = {isa = PBXFileReference; lastKnownFileType = sourcecode.swift; path = SecondMyDiaryTests.swift; sourceTree = "<group>"; };
		9DBDB99F2148B61400E2927B /* Info.plist */ = {isa = PBXFileReference; lastKnownFileType = text.plist.xml; path = Info.plist; sourceTree = "<group>"; };
		9DBDB9A52148DA3900E2927B /* SecondMyDiary.swift */ = {isa = PBXFileReference; lastKnownFileType = sourcecode.swift; path = SecondMyDiary.swift; sourceTree = "<group>"; };
		9DF9A77421463588005CFCBD /* SecondMyDiary.app */ = {isa = PBXFileReference; explicitFileType = wrapper.application; includeInIndex = 0; path = SecondMyDiary.app; sourceTree = BUILT_PRODUCTS_DIR; };
		9DF9A77721463588005CFCBD /* AppDelegate.swift */ = {isa = PBXFileReference; lastKnownFileType = sourcecode.swift; path = AppDelegate.swift; sourceTree = "<group>"; };
		9DF9A77921463588005CFCBD /* ViewController.swift */ = {isa = PBXFileReference; lastKnownFileType = sourcecode.swift; path = ViewController.swift; sourceTree = "<group>"; };
		9DF9A77C21463588005CFCBD /* Base */ = {isa = PBXFileReference; lastKnownFileType = file.storyboard; name = Base; path = Base.lproj/Main.storyboard; sourceTree = "<group>"; };
		9DF9A77E21463589005CFCBD /* Assets.xcassets */ = {isa = PBXFileReference; lastKnownFileType = folder.assetcatalog; path = Assets.xcassets; sourceTree = "<group>"; };
		9DF9A78121463589005CFCBD /* Base */ = {isa = PBXFileReference; lastKnownFileType = file.storyboard; name = Base; path = Base.lproj/LaunchScreen.storyboard; sourceTree = "<group>"; };
		9DF9A78321463589005CFCBD /* Info.plist */ = {isa = PBXFileReference; lastKnownFileType = text.plist.xml; path = Info.plist; sourceTree = "<group>"; };
/* End PBXFileReference section */

/* Begin PBXFrameworksBuildPhase section */
		9DBDB9982148B61300E2927B /* Frameworks */ = {
			isa = PBXFrameworksBuildPhase;
			buildActionMask = 2147483647;
			files = (
			);
			runOnlyForDeploymentPostprocessing = 0;
		};
		9DF9A77121463588005CFCBD /* Frameworks */ = {
			isa = PBXFrameworksBuildPhase;
			buildActionMask = 2147483647;
			files = (
			);
			runOnlyForDeploymentPostprocessing = 0;
		};
/* End PBXFrameworksBuildPhase section */

/* Begin PBXGroup section */
		9DBDB9942148AD6F00E2927B /* Sources */ = {
			isa = PBXGroup;
			children = (
				9DF9A78D21463695005CFCBD /* Shared */,
				9DF9A78C2146368A005CFCBD /* Model */,
				9DF9A78B21463675005CFCBD /* Controllers */,
			);
			path = Sources;
			sourceTree = "<group>";
		};
		9DBDB99C2148B61400E2927B /* SecondMyDiaryTests */ = {
			isa = PBXGroup;
			children = (
				9DBDB99D2148B61400E2927B /* SecondMyDiaryTests.swift */,
				9DBDB99F2148B61400E2927B /* Info.plist */,
			);
			path = SecondMyDiaryTests;
			sourceTree = "<group>";
		};
		9DF9A76B21463587005CFCBD = {
			isa = PBXGroup;
			children = (
				9DF9A77621463588005CFCBD /* SecondMyDiary */,
				9DBDB99C2148B61400E2927B /* SecondMyDiaryTests */,
				9DF9A77521463588005CFCBD /* Products */,
			);
			sourceTree = "<group>";
		};
		9DF9A77521463588005CFCBD /* Products */ = {
			isa = PBXGroup;
			children = (
				9DF9A77421463588005CFCBD /* SecondMyDiary.app */,
				9DBDB99B2148B61300E2927B /* SecondMyDiaryTests.xctest */,
			);
			name = Products;
			sourceTree = "<group>";
		};
		9DF9A77621463588005CFCBD /* SecondMyDiary */ = {
			isa = PBXGroup;
			children = (
				9DF9A78321463589005CFCBD /* Info.plist */,
				9DBDB9942148AD6F00E2927B /* Sources */,
				9DF9A78A21463663005CFCBD /* Storyboards */,
				9DF9A7892146364B005CFCBD /* Resources */,
			);
			path = SecondMyDiary;
			sourceTree = "<group>";
		};
		9DF9A7892146364B005CFCBD /* Resources */ = {
			isa = PBXGroup;
			children = (
				9DF9A77E21463589005CFCBD /* Assets.xcassets */,
			);
			path = Resources;
			sourceTree = "<group>";
		};
		9DF9A78A21463663005CFCBD /* Storyboards */ = {
			isa = PBXGroup;
			children = (
				9DF9A77B21463588005CFCBD /* Main.storyboard */,
				9DF9A78021463589005CFCBD /* LaunchScreen.storyboard */,
			);
			path = Storyboards;
			sourceTree = "<group>";
		};
		9DF9A78B21463675005CFCBD /* Controllers */ = {
			isa = PBXGroup;
			children = (
				9DF9A77921463588005CFCBD /* ViewController.swift */,
			);
			path = Controllers;
			sourceTree = "<group>";
		};
		9DF9A78C2146368A005CFCBD /* Model */ = {
			isa = PBXGroup;
			children = (
				9DBDB9952148ADB700E2927B /* Entry.swift */,
				9DBDB9A52148DA3900E2927B /* SecondMyDiary.swift */,
			);
			path = Model;
			sourceTree = "<group>";
		};
		9DF9A78D21463695005CFCBD /* Shared */ = {
			isa = PBXGroup;
			children = (
				9DF9A77721463588005CFCBD /* AppDelegate.swift */,
			);
			path = Shared;
			sourceTree = "<group>";
		};
/* End PBXGroup section */

/* Begin PBXNativeTarget section */
		9DBDB99A2148B61300E2927B /* SecondMyDiaryTests */ = {
			isa = PBXNativeTarget;
			buildConfigurationList = 9DBDB9A22148B61400E2927B /* Build configuration list for PBXNativeTarget "SecondMyDiaryTests" */;
			buildPhases = (
				9DBDB9972148B61300E2927B /* Sources */,
				9DBDB9982148B61300E2927B /* Frameworks */,
				9DBDB9992148B61300E2927B /* Resources */,
			);
			buildRules = (
			);
			dependencies = (
				9DBDB9A12148B61400E2927B /* PBXTargetDependency */,
			);
			name = SecondMyDiaryTests;
			productName = SecondMyDiaryTests;
			productReference = 9DBDB99B2148B61300E2927B /* SecondMyDiaryTests.xctest */;
			productType = "com.apple.product-type.bundle.unit-test";
		};
		9DF9A77321463588005CFCBD /* SecondMyDiary */ = {
			isa = PBXNativeTarget;
			buildConfigurationList = 9DF9A78621463589005CFCBD /* Build configuration list for PBXNativeTarget "SecondMyDiary" */;
			buildPhases = (
				9DF9A77021463588005CFCBD /* Sources */,
				9DF9A77121463588005CFCBD /* Frameworks */,
				9DF9A77221463588005CFCBD /* Resources */,
			);
			buildRules = (
			);
			dependencies = (
			);
			name = SecondMyDiary;
			productName = SecondMyDiary;
			productReference = 9DF9A77421463588005CFCBD /* SecondMyDiary.app */;
			productType = "com.apple.product-type.application";
		};
/* End PBXNativeTarget section */

/* Begin PBXProject section */
		9DF9A76C21463587005CFCBD /* Project object */ = {
			isa = PBXProject;
			attributes = {
				LastSwiftUpdateCheck = 0940;
				LastUpgradeCheck = 0940;
				ORGANIZATIONNAME = "김종서";
				TargetAttributes = {
					9DBDB99A2148B61300E2927B = {
						CreatedOnToolsVersion = 9.4.1;
						TestTargetID = 9DF9A77321463588005CFCBD;
					};
					9DF9A77321463588005CFCBD = {
						CreatedOnToolsVersion = 9.4.1;
					};
				};
			};
			buildConfigurationList = 9DF9A76F21463587005CFCBD /* Build configuration list for PBXProject "SecondMyDiary" */;
			compatibilityVersion = "Xcode 9.3";
			developmentRegion = en;
			hasScannedForEncodings = 0;
			knownRegions = (
				en,
				Base,
			);
			mainGroup = 9DF9A76B21463587005CFCBD;
			productRefGroup = 9DF9A77521463588005CFCBD /* Products */;
			projectDirPath = "";
			projectRoot = "";
			targets = (
				9DF9A77321463588005CFCBD /* SecondMyDiary */,
				9DBDB99A2148B61300E2927B /* SecondMyDiaryTests */,
			);
		};
/* End PBXProject section */

/* Begin PBXResourcesBuildPhase section */
		9DBDB9992148B61300E2927B /* Resources */ = {
			isa = PBXResourcesBuildPhase;
			buildActionMask = 2147483647;
			files = (
			);
			runOnlyForDeploymentPostprocessing = 0;
		};
		9DF9A77221463588005CFCBD /* Resources */ = {
			isa = PBXResourcesBuildPhase;
			buildActionMask = 2147483647;
			files = (
				9DF9A78221463589005CFCBD /* LaunchScreen.storyboard in Resources */,
				9DF9A77F21463589005CFCBD /* Assets.xcassets in Resources */,
				9DF9A77D21463588005CFCBD /* Main.storyboard in Resources */,
			);
			runOnlyForDeploymentPostprocessing = 0;
		};
/* End PBXResourcesBuildPhase section */

/* Begin PBXSourcesBuildPhase section */
		9DBDB9972148B61300E2927B /* Sources */ = {
			isa = PBXSourcesBuildPhase;
			buildActionMask = 2147483647;
			files = (
				9DBDB99E2148B61400E2927B /* SecondMyDiaryTests.swift in Sources */,
			);
			runOnlyForDeploymentPostprocessing = 0;
		};
		9DF9A77021463588005CFCBD /* Sources */ = {
			isa = PBXSourcesBuildPhase;
			buildActionMask = 2147483647;
			files = (
				9DBDB9962148ADB700E2927B /* Entry.swift in Sources */,
				9DBDB9A62148DA3900E2927B /* SecondMyDiary.swift in Sources */,
				9DF9A77A21463588005CFCBD /* ViewController.swift in Sources */,
				9DF9A77821463588005CFCBD /* AppDelegate.swift in Sources */,
			);
			runOnlyForDeploymentPostprocessing = 0;
		};
/* End PBXSourcesBuildPhase section */

/* Begin PBXTargetDependency section */
		9DBDB9A12148B61400E2927B /* PBXTargetDependency */ = {
			isa = PBXTargetDependency;
			target = 9DF9A77321463588005CFCBD /* SecondMyDiary */;
			targetProxy = 9DBDB9A02148B61400E2927B /* PBXContainerItemProxy */;
		};
/* End PBXTargetDependency section */

/* Begin PBXVariantGroup section */
		9DF9A77B21463588005CFCBD /* Main.storyboard */ = {
			isa = PBXVariantGroup;
			children = (
				9DF9A77C21463588005CFCBD /* Base */,
			);
			name = Main.storyboard;
			sourceTree = "<group>";
		};
		9DF9A78021463589005CFCBD /* LaunchScreen.storyboard */ = {
			isa = PBXVariantGroup;
			children = (
				9DF9A78121463589005CFCBD /* Base */,
			);
			name = LaunchScreen.storyboard;
			sourceTree = "<group>";
		};
/* End PBXVariantGroup section */

/* Begin XCBuildConfiguration section */
		9DBDB9A32148B61400E2927B /* Debug */ = {
			isa = XCBuildConfiguration;
			buildSettings = {
				BUNDLE_LOADER = "$(TEST_HOST)";
				CODE_SIGN_STYLE = Automatic;
				INFOPLIST_FILE = SecondMyDiaryTests/Info.plist;
				LD_RUNPATH_SEARCH_PATHS = (
					"$(inherited)",
					"@executable_path/Frameworks",
					"@loader_path/Frameworks",
				);
				PRODUCT_BUNDLE_IDENTIFIER = com.asvals.SecondMyDiaryTests;
				PRODUCT_NAME = "$(TARGET_NAME)";
				SWIFT_VERSION = 4.0;
				TARGETED_DEVICE_FAMILY = "1,2";
				TEST_HOST = "$(BUILT_PRODUCTS_DIR)/SecondMyDiary.app/SecondMyDiary";
			};
			name = Debug;
		};
		9DBDB9A42148B61400E2927B /* Release */ = {
			isa = XCBuildConfiguration;
			buildSettings = {
				BUNDLE_LOADER = "$(TEST_HOST)";
				CODE_SIGN_STYLE = Automatic;
				INFOPLIST_FILE = SecondMyDiaryTests/Info.plist;
				LD_RUNPATH_SEARCH_PATHS = (
					"$(inherited)",
					"@executable_path/Frameworks",
					"@loader_path/Frameworks",
				);
				PRODUCT_BUNDLE_IDENTIFIER = com.asvals.SecondMyDiaryTests;
				PRODUCT_NAME = "$(TARGET_NAME)";
				SWIFT_VERSION = 4.0;
				TARGETED_DEVICE_FAMILY = "1,2";
				TEST_HOST = "$(BUILT_PRODUCTS_DIR)/SecondMyDiary.app/SecondMyDiary";
			};
			name = Release;
		};
		9DF9A78421463589005CFCBD /* Debug */ = {
			isa = XCBuildConfiguration;
			buildSettings = {
				ALWAYS_SEARCH_USER_PATHS = NO;
				CLANG_ANALYZER_NONNULL = YES;
				CLANG_ANALYZER_NUMBER_OBJECT_CONVERSION = YES_AGGRESSIVE;
				CLANG_CXX_LANGUAGE_STANDARD = "gnu++14";
				CLANG_CXX_LIBRARY = "libc++";
				CLANG_ENABLE_MODULES = YES;
				CLANG_ENABLE_OBJC_ARC = YES;
				CLANG_ENABLE_OBJC_WEAK = YES;
				CLANG_WARN_BLOCK_CAPTURE_AUTORELEASING = YES;
				CLANG_WARN_BOOL_CONVERSION = YES;
				CLANG_WARN_COMMA = YES;
				CLANG_WARN_CONSTANT_CONVERSION = YES;
				CLANG_WARN_DEPRECATED_OBJC_IMPLEMENTATIONS = YES;
				CLANG_WARN_DIRECT_OBJC_ISA_USAGE = YES_ERROR;
				CLANG_WARN_DOCUMENTATION_COMMENTS = YES;
				CLANG_WARN_EMPTY_BODY = YES;
				CLANG_WARN_ENUM_CONVERSION = YES;
				CLANG_WARN_INFINITE_RECURSION = YES;
				CLANG_WARN_INT_CONVERSION = YES;
				CLANG_WARN_NON_LITERAL_NULL_CONVERSION = YES;
				CLANG_WARN_OBJC_IMPLICIT_RETAIN_SELF = YES;
				CLANG_WARN_OBJC_LITERAL_CONVERSION = YES;
				CLANG_WARN_OBJC_ROOT_CLASS = YES_ERROR;
				CLANG_WARN_RANGE_LOOP_ANALYSIS = YES;
				CLANG_WARN_STRICT_PROTOTYPES = YES;
				CLANG_WARN_SUSPICIOUS_MOVE = YES;
				CLANG_WARN_UNGUARDED_AVAILABILITY = YES_AGGRESSIVE;
				CLANG_WARN_UNREACHABLE_CODE = YES;
				CLANG_WARN__DUPLICATE_METHOD_MATCH = YES;
				CODE_SIGN_IDENTITY = "iPhone Developer";
				COPY_PHASE_STRIP = NO;
				DEBUG_INFORMATION_FORMAT = dwarf;
				ENABLE_STRICT_OBJC_MSGSEND = YES;
				ENABLE_TESTABILITY = YES;
				GCC_C_LANGUAGE_STANDARD = gnu11;
				GCC_DYNAMIC_NO_PIC = NO;
				GCC_NO_COMMON_BLOCKS = YES;
				GCC_OPTIMIZATION_LEVEL = 0;
				GCC_PREPROCESSOR_DEFINITIONS = (
					"DEBUG=1",
					"$(inherited)",
				);
				GCC_WARN_64_TO_32_BIT_CONVERSION = YES;
				GCC_WARN_ABOUT_RETURN_TYPE = YES_ERROR;
				GCC_WARN_UNDECLARED_SELECTOR = YES;
				GCC_WARN_UNINITIALIZED_AUTOS = YES_AGGRESSIVE;
				GCC_WARN_UNUSED_FUNCTION = YES;
				GCC_WARN_UNUSED_VARIABLE = YES;
				IPHONEOS_DEPLOYMENT_TARGET = 11.4;
				MTL_ENABLE_DEBUG_INFO = YES;
				ONLY_ACTIVE_ARCH = YES;
				SDKROOT = iphoneos;
				SWIFT_ACTIVE_COMPILATION_CONDITIONS = DEBUG;
				SWIFT_OPTIMIZATION_LEVEL = "-Onone";
			};
			name = Debug;
		};
		9DF9A78521463589005CFCBD /* Release */ = {
			isa = XCBuildConfiguration;
			buildSettings = {
				ALWAYS_SEARCH_USER_PATHS = NO;
				CLANG_ANALYZER_NONNULL = YES;
				CLANG_ANALYZER_NUMBER_OBJECT_CONVERSION = YES_AGGRESSIVE;
				CLANG_CXX_LANGUAGE_STANDARD = "gnu++14";
				CLANG_CXX_LIBRARY = "libc++";
				CLANG_ENABLE_MODULES = YES;
				CLANG_ENABLE_OBJC_ARC = YES;
				CLANG_ENABLE_OBJC_WEAK = YES;
				CLANG_WARN_BLOCK_CAPTURE_AUTORELEASING = YES;
				CLANG_WARN_BOOL_CONVERSION = YES;
				CLANG_WARN_COMMA = YES;
				CLANG_WARN_CONSTANT_CONVERSION = YES;
				CLANG_WARN_DEPRECATED_OBJC_IMPLEMENTATIONS = YES;
				CLANG_WARN_DIRECT_OBJC_ISA_USAGE = YES_ERROR;
				CLANG_WARN_DOCUMENTATION_COMMENTS = YES;
				CLANG_WARN_EMPTY_BODY = YES;
				CLANG_WARN_ENUM_CONVERSION = YES;
				CLANG_WARN_INFINITE_RECURSION = YES;
				CLANG_WARN_INT_CONVERSION = YES;
				CLANG_WARN_NON_LITERAL_NULL_CONVERSION = YES;
				CLANG_WARN_OBJC_IMPLICIT_RETAIN_SELF = YES;
				CLANG_WARN_OBJC_LITERAL_CONVERSION = YES;
				CLANG_WARN_OBJC_ROOT_CLASS = YES_ERROR;
				CLANG_WARN_RANGE_LOOP_ANALYSIS = YES;
				CLANG_WARN_STRICT_PROTOTYPES = YES;
				CLANG_WARN_SUSPICIOUS_MOVE = YES;
				CLANG_WARN_UNGUARDED_AVAILABILITY = YES_AGGRESSIVE;
				CLANG_WARN_UNREACHABLE_CODE = YES;
				CLANG_WARN__DUPLICATE_METHOD_MATCH = YES;
				CODE_SIGN_IDENTITY = "iPhone Developer";
				COPY_PHASE_STRIP = NO;
				DEBUG_INFORMATION_FORMAT = "dwarf-with-dsym";
				ENABLE_NS_ASSERTIONS = NO;
				ENABLE_STRICT_OBJC_MSGSEND = YES;
				GCC_C_LANGUAGE_STANDARD = gnu11;
				GCC_NO_COMMON_BLOCKS = YES;
				GCC_WARN_64_TO_32_BIT_CONVERSION = YES;
				GCC_WARN_ABOUT_RETURN_TYPE = YES_ERROR;
				GCC_WARN_UNDECLARED_SELECTOR = YES;
				GCC_WARN_UNINITIALIZED_AUTOS = YES_AGGRESSIVE;
				GCC_WARN_UNUSED_FUNCTION = YES;
				GCC_WARN_UNUSED_VARIABLE = YES;
				IPHONEOS_DEPLOYMENT_TARGET = 11.4;
				MTL_ENABLE_DEBUG_INFO = NO;
				SDKROOT = iphoneos;
				SWIFT_COMPILATION_MODE = wholemodule;
				SWIFT_OPTIMIZATION_LEVEL = "-O";
				VALIDATE_PRODUCT = YES;
			};
			name = Release;
		};
		9DF9A78721463589005CFCBD /* Debug */ = {
			isa = XCBuildConfiguration;
			buildSettings = {
				ASSETCATALOG_COMPILER_APPICON_NAME = AppIcon;
				CODE_SIGN_STYLE = Automatic;
				INFOPLIST_FILE = SecondMyDiary/Info.plist;
				LD_RUNPATH_SEARCH_PATHS = (
					"$(inherited)",
					"@executable_path/Frameworks",
				);
				PRODUCT_BUNDLE_IDENTIFIER = com.asvals.SecondMyDiary;
				PRODUCT_NAME = "$(TARGET_NAME)";
				SWIFT_VERSION = 4.0;
				TARGETED_DEVICE_FAMILY = "1,2";
			};
			name = Debug;
		};
		9DF9A78821463589005CFCBD /* Release */ = {
			isa = XCBuildConfiguration;
			buildSettings = {
				ASSETCATALOG_COMPILER_APPICON_NAME = AppIcon;
				CODE_SIGN_STYLE = Automatic;
				INFOPLIST_FILE = SecondMyDiary/Info.plist;
				LD_RUNPATH_SEARCH_PATHS = (
					"$(inherited)",
					"@executable_path/Frameworks",
				);
				PRODUCT_BUNDLE_IDENTIFIER = com.asvals.SecondMyDiary;
				PRODUCT_NAME = "$(TARGET_NAME)";
				SWIFT_VERSION = 4.0;
				TARGETED_DEVICE_FAMILY = "1,2";
			};
			name = Release;
		};
/* End XCBuildConfiguration section */

/* Begin XCConfigurationList section */
		9DBDB9A22148B61400E2927B /* Build configuration list for PBXNativeTarget "SecondMyDiaryTests" */ = {
			isa = XCConfigurationList;
			buildConfigurations = (
				9DBDB9A32148B61400E2927B /* Debug */,
				9DBDB9A42148B61400E2927B /* Release */,
			);
			defaultConfigurationIsVisible = 0;
			defaultConfigurationName = Release;
		};
		9DF9A76F21463587005CFCBD /* Build configuration list for PBXProject "SecondMyDiary" */ = {
			isa = XCConfigurationList;
			buildConfigurations = (
				9DF9A78421463589005CFCBD /* Debug */,
				9DF9A78521463589005CFCBD /* Release */,
			);
			defaultConfigurationIsVisible = 0;
			defaultConfigurationName = Release;
		};
		9DF9A78621463589005CFCBD /* Build configuration list for PBXNativeTarget "SecondMyDiary" */ = {
			isa = XCConfigurationList;
			buildConfigurations = (
				9DF9A78721463589005CFCBD /* Debug */,
				9DF9A78821463589005CFCBD /* Release */,
			);
			defaultConfigurationIsVisible = 0;
			defaultConfigurationName = Release;
		};
/* End XCConfigurationList section */
	};
	rootObject = 9DF9A76C21463587005CFCBD /* Project object */;
}
